# This file is automatically @generated by Poetry 2.3.2 and should not be changed manually.

[[package]]
name = "cassandra"
version = "1.0.0"
description = "Cassandra - Fallout Analysis Engine for Realpolitik"
authors = ["Realpolitik Team <team@realpolitik.world>"]
readme = "README.md"
packages = [{include = "src"}]

[dependency-groups]
dev = ["pytest>=7.4.0", "pytest-asyncio>=0.21.0", "pytest-mock>=3.11.0", "black>=23.9.1", "isort>=5.12.0", "flake8>=6.1.0", "mypy>=1.6.1"]

[metadata]
lock-version = "2.0"
python-versions = "^3.11"
content-hash = "cassandra-poetry-lock-placeholder"

[metadata.files]
pika = []
asyncpg = []
redis = []
httpx = []
pydantic = []
python-json-logger = []
neo4j = []
qdrant-client = []
openai = []
structlog = []
prometheus-client = []
opentelemetry-api = []
opentelemetry-sdk = []
python-dotenv = []
tenacity = []
typing-extensions = []
dataclasses-json = []